// !$*UTF8*$!
{
	archiveVersion = 1;
	classes = {
	};
	objectVersion = 46;
	objects = {

/* Begin PBXBuildFile section */
		0265731163762C8C9FE1AFB6 /* CalmLineApp.swift in Sources */ = {isa = PBXBuildFile; fileRef = B7ABBDE9C5CCC6ADB40E1B09 /* CalmLineApp.swift */; };
		27305AB367FD5693248BECD6 /* SettingsKeys.swift in Sources */ = {isa = PBXBuildFile; fileRef = D16B6B26765EA8273169A8A9 /* SettingsKeys.swift */; };
		3C28EDF33988C1BA67C4B1C0 /* ContentView.swift in Sources */ = {isa = PBXBuildFile; fileRef = 185423604E0B389AC41ACC84 /* ContentView.swift */; };
		4245632E0D596518DE74ECE4 /* Foundation.framework in Frameworks */ = {isa = PBXBuildFile; fileRef = F33B7A447E3C78AE3EACDD65 /* Foundation.framework */; };
		54B4A0E6B13163C66B635628 /* ShareSheet.swift in Sources */ = {isa = PBXBuildFile; fileRef = 848E183CC152CAC5C0E90539 /* ShareSheet.swift */; };
		807042E2F8D2C3B603174781 /* FavoritesView.swift in Sources */ = {isa = PBXBuildFile; fileRef = 793F40E13EDD5713852CB276 /* FavoritesView.swift */; };
		A10143E0070659B01C9AA13B /* FavoriteDetailView.swift in Sources */ = {isa = PBXBuildFile; fileRef = DDC04C740862A9359AE156F2 /* FavoriteDetailView.swift */; };
		A4E4C0211E063EB19E4B294A /* QuoteStore.swift in Sources */ = {isa = PBXBuildFile; fileRef = E147F9B771AB35E639AF6BEA /* QuoteStore.swift */; };
		A6A99EA82F65837B5A2CB65C /* Quote.swift in Sources */ = {isa = PBXBuildFile; fileRef = CB574A6985FC091F91A366F8 /* Quote.swift */; };
		A7BDE7B63028E12C1EEE3B7B /* Assets.xcassets in Resources */ = {isa = PBXBuildFile; fileRef = 03FE36C39B19FDB7CD63E996 /* Assets.xcassets */; };
		BD2EE14956E53AF7CC2BF1E9 /* SettingsView.swift in Sources */ = {isa = PBXBuildFile; fileRef = 612448EE179C5FE3576BD73A /* SettingsView.swift */; };
		C3252D9B573269810B6F9A8F /* QuoteCardView.swift in Sources */ = {isa = PBXBuildFile; fileRef = 0C44292F9E0C93E555B48CA2 /* QuoteCardView.swift */; };
		C663B6DE77414410CD93E1DC /* FavoritesStore.swift in Sources */ = {isa = PBXBuildFile; fileRef = 7E67CAC7933266A080C5A0D3 /* FavoritesStore.swift */; };
		EB05F455056C562D930438D4 /* Haptics.swift in Sources */ = {isa = PBXBuildFile; fileRef = BBA61A730FDB0FFB8E82A9AD /* Haptics.swift */; };
		ED7312F24B3A8A512789F571 /* AppTheme.swift in Sources */ = {isa = PBXBuildFile; fileRef = D2F63F20FFBC78142F364691 /* AppTheme.swift */; };
		F1B36D33B7D60D72F2BEC176 /* QuoteViewModel.swift in Sources */ = {isa = PBXBuildFile; fileRef = CA8FE47090B5F393B2216D21 /* QuoteViewModel.swift */; };
/* End PBXBuildFile section */

/* Begin PBXFileReference section */
		03FE36C39B19FDB7CD63E996 /* Assets.xcassets */ = {isa = PBXFileReference; includeInIndex = 1; lastKnownFileType = folder.assetcatalog; path = Assets.xcassets; sourceTree = "<group>"; };
		0C44292F9E0C93E555B48CA2 /* QuoteCardView.swift */ = {isa = PBXFileReference; includeInIndex = 1; lastKnownFileType = sourcecode.swift; path = QuoteCardView.swift; sourceTree = "<group>"; };
		185423604E0B389AC41ACC84 /* ContentView.swift */ = {isa = PBXFileReference; includeInIndex = 1; lastKnownFileType = sourcecode.swift; path = ContentView.swift; sourceTree = "<group>"; };
		23567F1C6934EE6984731557 /* Contents.json */ = {isa = PBXFileReference; includeInIndex = 1; path = Contents.json; sourceTree = "<group>"; };
		2A355BE0C421B87A987929F4 /* Calm-Line.app */ = {isa = PBXFileReference; explicitFileType = wrapper.application; includeInIndex = 0; path = "Calm-Line.app"; sourceTree = BUILT_PRODUCTS_DIR; };
		612448EE179C5FE3576BD73A /* SettingsView.swift */ = {isa = PBXFileReference; includeInIndex = 1; lastKnownFileType = sourcecode.swift; path = SettingsView.swift; sourceTree = "<group>"; };
		793F40E13EDD5713852CB276 /* FavoritesView.swift */ = {isa = PBXFileReference; includeInIndex = 1; lastKnownFileType = sourcecode.swift; path = FavoritesView.swift; sourceTree = "<group>"; };
		7E67CAC7933266A080C5A0D3 /* FavoritesStore.swift */ = {isa = PBXFileReference; includeInIndex = 1; lastKnownFileType = sourcecode.swift; path = FavoritesStore.swift; sourceTree = "<group>"; };
		848E183CC152CAC5C0E90539 /* ShareSheet.swift */ = {isa = PBXFileReference; includeInIndex = 1; lastKnownFileType = sourcecode.swift; path = ShareSheet.swift; sourceTree = "<group>"; };
		B7ABBDE9C5CCC6ADB40E1B09 /* CalmLineApp.swift */ = {isa = PBXFileReference; includeInIndex = 1; lastKnownFileType = sourcecode.swift; path = CalmLineApp.swift; sourceTree = "<group>"; };
		BBA61A730FDB0FFB8E82A9AD /* Haptics.swift */ = {isa = PBXFileReference; includeInIndex = 1; lastKnownFileType = sourcecode.swift; path = Haptics.swift; sourceTree = "<group>"; };
		CA8FE47090B5F393B2216D21 /* QuoteViewModel.swift */ = {isa = PBXFileReference; includeInIndex = 1; lastKnownFileType = sourcecode.swift; path = QuoteViewModel.swift; sourceTree = "<group>"; };
		CB574A6985FC091F91A366F8 /* Quote.swift */ = {isa = PBXFileReference; includeInIndex = 1; lastKnownFileType = sourcecode.swift; path = Quote.swift; sourceTree = "<group>"; };
		D16B6B26765EA8273169A8A9 /* SettingsKeys.swift */ = {isa = PBXFileReference; includeInIndex = 1; lastKnownFileType = sourcecode.swift; path = SettingsKeys.swift; sourceTree = "<group>"; };
		D2F63F20FFBC78142F364691 /* AppTheme.swift */ = {isa = PBXFileReference; includeInIndex = 1; lastKnownFileType = sourcecode.swift; path = AppTheme.swift; sourceTree = "<group>"; };
		DDC04C740862A9359AE156F2 /* FavoriteDetailView.swift */ = {isa = PBXFileReference; includeInIndex = 1; lastKnownFileType = sourcecode.swift; path = FavoriteDetailView.swift; sourceTree = "<group>"; };
		DFDEF7656639C7370A5C500B /* Contents.json */ = {isa = PBXFileReference; includeInIndex = 1; path = Contents.json; sourceTree = "<group>"; };
		E147F9B771AB35E639AF6BEA /* QuoteStore.swift */ = {isa = PBXFileReference; includeInIndex = 1; lastKnownFileType = sourcecode.swift; path = QuoteStore.swift; sourceTree = "<group>"; };
		F33B7A447E3C78AE3EACDD65 /* Foundation.framework */ = {isa = PBXFileReference; lastKnownFileType = wrapper.framework; name = Foundation.framework; path = Platforms/iPhoneOS.platform/Developer/SDKs/iPhoneOS18.0.sdk/System/Library/Frameworks/Foundation.framework; sourceTree = DEVELOPER_DIR; };
/* End PBXFileReference section */

/* Begin PBXFrameworksBuildPhase section */
		2640A669E1B795BBBE4C08E3 /* Frameworks */ = {
			isa = PBXFrameworksBuildPhase;
			buildActionMask = 2147483647;
			files = (
				4245632E0D596518DE74ECE4 /* Foundation.framework in Frameworks */,
			);
			runOnlyForDeploymentPostprocessing = 0;
		};
/* End PBXFrameworksBuildPhase section */

/* Begin PBXGroup section */
		07EE90C9F5F4D21412774499 /* Frameworks */ = {
			isa = PBXGroup;
			children = (
				790B838619BD34A68100F424 /* iOS */,
			);
			name = Frameworks;
			sourceTree = "<group>";
		};
		1F055D3B8E69E7D5ECD02683 = {
			isa = PBXGroup;
			children = (
				72B8CA4EA0E2B6B5A8EBC617 /* Products */,
				07EE90C9F5F4D21412774499 /* Frameworks */,
				2742DB8B750AC454843A47EA /* Calm-Line */,
			);
			sourceTree = "<group>";
		};
		2742DB8B750AC454843A47EA /* Calm-Line */ = {
			isa = PBXGroup;
			children = (
				D622CAB66E5B66B2A45FBF38 /* App */,
				5D85AF35ED8EF452CB1C0956 /* Models */,
				64277AC43636DCEB46F2A6AD /* Services */,
				DDB7304E28AD042C318419FA /* ViewModels */,
				CD9020CB1F4B0D2690D85A16 /* Views */,
				3AA3CEB7A0DD424249C5B858 /* Assets.xcassets */,
				03FE36C39B19FDB7CD63E996 /* Assets.xcassets */,
			);
			name = "Calm-Line";
			path = "Calm-Line";
			sourceTree = "<group>";
		};
		3AA3CEB7A0DD424249C5B858 /* Assets.xcassets */ = {
			isa = PBXGroup;
			children = (
				23567F1C6934EE6984731557 /* Contents.json */,
				F8433EB3EC963C088326D660 /* AppIcon.appiconset */,
			);
			name = Assets.xcassets;
			path = Assets.xcassets;
			sourceTree = "<group>";
		};
		5D85AF35ED8EF452CB1C0956 /* Models */ = {
			isa = PBXGroup;
			children = (
				CB574A6985FC091F91A366F8 /* Quote.swift */,
			);
			name = Models;
			path = Models;
			sourceTree = "<group>";
		};
		64277AC43636DCEB46F2A6AD /* Services */ = {
			isa = PBXGroup;
			children = (
				7E67CAC7933266A080C5A0D3 /* FavoritesStore.swift */,
				BBA61A730FDB0FFB8E82A9AD /* Haptics.swift */,
				E147F9B771AB35E639AF6BEA /* QuoteStore.swift */,
				D16B6B26765EA8273169A8A9 /* SettingsKeys.swift */,
			);
			name = Services;
			path = Services;
			sourceTree = "<group>";
		};
		72B8CA4EA0E2B6B5A8EBC617 /* Products */ = {
			isa = PBXGroup;
			children = (
				2A355BE0C421B87A987929F4 /* Calm-Line.app */,
			);
			name = Products;
			sourceTree = "<group>";
		};
		790B838619BD34A68100F424 /* iOS */ = {
			isa = PBXGroup;
			children = (
				F33B7A447E3C78AE3EACDD65 /* Foundation.framework */,
			);
			name = iOS;
			sourceTree = "<group>";
		};
		CD9020CB1F4B0D2690D85A16 /* Views */ = {
			isa = PBXGroup;
			children = (
				D2F63F20FFBC78142F364691 /* AppTheme.swift */,
				DDC04C740862A9359AE156F2 /* FavoriteDetailView.swift */,
				793F40E13EDD5713852CB276 /* FavoritesView.swift */,
				0C44292F9E0C93E555B48CA2 /* QuoteCardView.swift */,
				612448EE179C5FE3576BD73A /* SettingsView.swift */,
				848E183CC152CAC5C0E90539 /* ShareSheet.swift */,
			);
			name = Views;
			path = Views;
			sourceTree = "<group>";
		};
		D622CAB66E5B66B2A45FBF38 /* App */ = {
			isa = PBXGroup;
			children = (
				B7ABBDE9C5CCC6ADB40E1B09 /* CalmLineApp.swift */,
				185423604E0B389AC41ACC84 /* ContentView.swift */,
			);
			name = App;
			path = App;
			sourceTree = "<group>";
		};
		DDB7304E28AD042C318419FA /* ViewModels */ = {
			isa = PBXGroup;
			children = (
				CA8FE47090B5F393B2216D21 /* QuoteViewModel.swift */,
			);
			name = ViewModels;
			path = ViewModels;
			sourceTree = "<group>";
		};
		F8433EB3EC963C088326D660 /* AppIcon.appiconset */ = {
			isa = PBXGroup;
			children = (
				DFDEF7656639C7370A5C500B /* Contents.json */,
			);
			name = AppIcon.appiconset;
			path = AppIcon.appiconset;
			sourceTree = "<group>";
		};
/* End PBXGroup section */

/* Begin PBXNativeTarget section */
		A49928D59FE8F81F92C917A9 /* Calm-Line */ = {
			isa = PBXNativeTarget;
			buildConfigurationList = D38ED49AE3333FF7A88ED9CE /* Build configuration list for PBXNativeTarget "Calm-Line" */;
			buildPhases = (
				BD7F694C18484A25A4C3BB93 /* Sources */,
				2640A669E1B795BBBE4C08E3 /* Frameworks */,
				010E9DF30CF2F2EB19301695 /* Resources */,
			);
			buildRules = (
			);
			dependencies = (
			);
			name = "Calm-Line";
			productName = "Calm-Line";
			productReference = 2A355BE0C421B87A987929F4 /* Calm-Line.app */;
			productType = "com.apple.product-type.application";
		};
/* End PBXNativeTarget section */

/* Begin PBXProject section */
		4129DA3797603201369850DC /* Project object */ = {
			isa = PBXProject;
			attributes = {
				LastSwiftUpdateCheck = 1600;
				LastUpgradeCheck = 1600;
			};
			buildConfigurationList = 455ACB6FB48D93C802A6A9CF /* Build configuration list for PBXProject "Calm-Line" */;
			compatibilityVersion = "Xcode 3.2";
			developmentRegion = en;
			hasScannedForEncodings = 0;
			knownRegions = (
				en,
				Base,
			);
			mainGroup = 1F055D3B8E69E7D5ECD02683;
			minimizedProjectReferenceProxies = 0;
			preferredProjectObjectVersion = 77;
			productRefGroup = 72B8CA4EA0E2B6B5A8EBC617 /* Products */;
			projectDirPath = "";
			projectRoot = "";
			targets = (
				A49928D59FE8F81F92C917A9 /* Calm-Line */,
			);
		};
/* End PBXProject section */

/* Begin PBXResourcesBuildPhase section */
		010E9DF30CF2F2EB19301695 /* Resources */ = {
			isa = PBXResourcesBuildPhase;
			buildActionMask = 2147483647;
			files = (
				A7BDE7B63028E12C1EEE3B7B /* Assets.xcassets in Resources */,
			);
			runOnlyForDeploymentPostprocessing = 0;
		};
/* End PBXResourcesBuildPhase section */

/* Begin PBXSourcesBuildPhase section */
		BD7F694C18484A25A4C3BB93 /* Sources */ = {
			isa = PBXSourcesBuildPhase;
			buildActionMask = 2147483647;
			files = (
				0265731163762C8C9FE1AFB6 /* CalmLineApp.swift in Sources */,
				3C28EDF33988C1BA67C4B1C0 /* ContentView.swift in Sources */,
				A6A99EA82F65837B5A2CB65C /* Quote.swift in Sources */,
				C663B6DE77414410CD93E1DC /* FavoritesStore.swift in Sources */,
				EB05F455056C562D930438D4 /* Haptics.swift in Sources */,
				A4E4C0211E063EB19E4B294A /* QuoteStore.swift in Sources */,
				27305AB367FD5693248BECD6 /* SettingsKeys.swift in Sources */,
				F1B36D33B7D60D72F2BEC176 /* QuoteViewModel.swift in Sources */,
				ED7312F24B3A8A512789F571 /* AppTheme.swift in Sources */,
				A10143E0070659B01C9AA13B /* FavoriteDetailView.swift in Sources */,
				807042E2F8D2C3B603174781 /* FavoritesView.swift in Sources */,
				C3252D9B573269810B6F9A8F /* QuoteCardView.swift in Sources */,
				BD2EE14956E53AF7CC2BF1E9 /* SettingsView.swift in Sources */,
				54B4A0E6B13163C66B635628 /* ShareSheet.swift in Sources */,
			);
			runOnlyForDeploymentPostprocessing = 0;
		};
/* End PBXSourcesBuildPhase section */

/* Begin XCBuildConfiguration section */
		202BBB1D932FAFE20EFEA85A /* Release */ = {
			isa = XCBuildConfiguration;
			buildSettings = {
				ALWAYS_SEARCH_USER_PATHS = NO;
				CLANG_ANALYZER_NONNULL = YES;
				CLANG_ANALYZER_NUMBER_OBJECT_CONVERSION = YES_AGGRESSIVE;
				CLANG_CXX_LANGUAGE_STANDARD = "gnu++14";
				CLANG_CXX_LIBRARY = "libc++";
				CLANG_ENABLE_MODULES = YES;
				CLANG_ENABLE_OBJC_ARC = YES;
				CLANG_ENABLE_OBJC_WEAK = YES;
				CLANG_WARN_BLOCK_CAPTURE_AUTORELEASING = YES;
				CLANG_WARN_BOOL_CONVERSION = YES;
				CLANG_WARN_COMMA = YES;
				CLANG_WARN_CONSTANT_CONVERSION = YES;
				CLANG_WARN_DEPRECATED_OBJC_IMPLEMENTATIONS = YES;
				CLANG_WARN_DIRECT_OBJC_ISA_USAGE = YES_ERROR;
				CLANG_WARN_DOCUMENTATION_COMMENTS = YES;
				CLANG_WARN_EMPTY_BODY = YES;
				CLANG_WARN_ENUM_CONVERSION = YES;
				CLANG_WARN_INFINITE_RECURSION = YES;
				CLANG_WARN_INT_CONVERSION = YES;
				CLANG_WARN_NON_LITERAL_NULL_CONVERSION = YES;
				CLANG_WARN_OBJC_IMPLICIT_RETAIN_SELF = YES;
				CLANG_WARN_OBJC_LITERAL_CONVERSION = YES;
				CLANG_WARN_OBJC_ROOT_CLASS = YES_ERROR;
				CLANG_WARN_QUOTED_INCLUDE_IN_FRAMEWORK_HEADER = YES;
				CLANG_WARN_RANGE_LOOP_ANALYSIS = YES;
				CLANG_WARN_STRICT_PROTOTYPES = YES;
				CLANG_WARN_SUSPICIOUS_MOVE = YES;
				CLANG_WARN_UNGUARDED_AVAILABILITY = YES_AGGRESSIVE;
				CLANG_WARN_UNREACHABLE_CODE = YES;
				CLANG_WARN__DUPLICATE_METHOD_MATCH = YES;
				COPY_PHASE_STRIP = NO;
				DEBUG_INFORMATION_FORMAT = "dwarf-with-dsym";
				ENABLE_NS_ASSERTIONS = NO;
				ENABLE_STRICT_OBJC_MSGSEND = YES;
				GCC_C_LANGUAGE_STANDARD = gnu11;
				GCC_NO_COMMON_BLOCKS = YES;
				GCC_WARN_64_TO_32_BIT_CONVERSION = YES;
				GCC_WARN_ABOUT_RETURN_TYPE = YES_ERROR;
				GCC_WARN_UNDECLARED_SELECTOR = YES;
				GCC_WARN_UNINITIALIZED_AUTOS = YES_AGGRESSIVE;
				GCC_WARN_UNUSED_FUNCTION = YES;
				GCC_WARN_UNUSED_VARIABLE = YES;
				MTL_ENABLE_DEBUG_INFO = NO;
				MTL_FAST_MATH = YES;
				PRODUCT_NAME = "$(TARGET_NAME)";
				SWIFT_COMPILATION_MODE = wholemodule;
				SWIFT_OPTIMIZATION_LEVEL = "-O";
				SWIFT_VERSION = 5.0;
			};
			name = Release;
		};
		B50F29B447D0640E3070B1A4 /* Release */ = {
			isa = XCBuildConfiguration;
			buildSettings = {
				ASSETCATALOG_COMPILER_APPICON_NAME = AppIcon;
				ASSETCATALOG_COMPILER_GLOBAL_ACCENT_COLOR_NAME = AccentColor;
				CLANG_ENABLE_OBJC_WEAK = NO;
				CURRENT_PROJECT_VERSION = 1;
				DEVELOPMENT_TEAM = "";
				GENERATE_INFOPLIST_FILE = YES;
				INFOPLIST_KEY_CFBundleDisplayName = "Calm-Line";
				INFOPLIST_KEY_UIApplicationSceneManifest_Generation = YES;
				IPHONEOS_DEPLOYMENT_TARGET = 17.0;
				LD_RUNPATH_SEARCH_PATHS = "$(inherited) @executable_path/Frameworks";
				MARKETING_VERSION = 1.0;
				PRODUCT_BUNDLE_IDENTIFIER = com.zsaritek.calmline;
				PRODUCT_MODULE_NAME = CalmLine;
				SDKROOT = iphoneos;
				SWIFT_VERSION = 5.0;
				TARGETED_DEVICE_FAMILY = 1;
				VALIDATE_PRODUCT = YES;
			};
			name = Release;
		};
		C01D6F299C13E296135DA201 /* Debug */ = {
			isa = XCBuildConfiguration;
			buildSettings = {
				ALWAYS_SEARCH_USER_PATHS = NO;
				CLANG_ANALYZER_NONNULL = YES;
				CLANG_ANALYZER_NUMBER_OBJECT_CONVERSION = YES_AGGRESSIVE;
				CLANG_CXX_LANGUAGE_STANDARD = "gnu++14";
				CLANG_CXX_LIBRARY = "libc++";
				CLANG_ENABLE_MODULES = YES;
				CLANG_ENABLE_OBJC_ARC = YES;
				CLANG_ENABLE_OBJC_WEAK = YES;
				CLANG_WARN_BLOCK_CAPTURE_AUTORELEASING = YES;
				CLANG_WARN_BOOL_CONVERSION = YES;
				CLANG_WARN_COMMA = YES;
				CLANG_WARN_CONSTANT_CONVERSION = YES;
				CLANG_WARN_DEPRECATED_OBJC_IMPLEMENTATIONS = YES;
				CLANG_WARN_DIRECT_OBJC_ISA_USAGE = YES_ERROR;
				CLANG_WARN_DOCUMENTATION_COMMENTS = YES;
				CLANG_WARN_EMPTY_BODY = YES;
				CLANG_WARN_ENUM_CONVERSION = YES;
				CLANG_WARN_INFINITE_RECURSION = YES;
				CLANG_WARN_INT_CONVERSION = YES;
				CLANG_WARN_NON_LITERAL_NULL_CONVERSION = YES;
				CLANG_WARN_OBJC_IMPLICIT_RETAIN_SELF = YES;
				CLANG_WARN_OBJC_LITERAL_CONVERSION = YES;
				CLANG_WARN_OBJC_ROOT_CLASS = YES_ERROR;
				CLANG_WARN_QUOTED_INCLUDE_IN_FRAMEWORK_HEADER = YES;
				CLANG_WARN_RANGE_LOOP_ANALYSIS = YES;
				CLANG_WARN_STRICT_PROTOTYPES = YES;
				CLANG_WARN_SUSPICIOUS_MOVE = YES;
				CLANG_WARN_UNGUARDED_AVAILABILITY = YES_AGGRESSIVE;
				CLANG_WARN_UNREACHABLE_CODE = YES;
				CLANG_WARN__DUPLICATE_METHOD_MATCH = YES;
				COPY_PHASE_STRIP = NO;
				DEBUG_INFORMATION_FORMAT = dwarf;
				ENABLE_STRICT_OBJC_MSGSEND = YES;
				ENABLE_TESTABILITY = YES;
				GCC_C_LANGUAGE_STANDARD = gnu11;
				GCC_DYNAMIC_NO_PIC = NO;
				GCC_NO_COMMON_BLOCKS = YES;
				GCC_OPTIMIZATION_LEVEL = 0;
				GCC_PREPROCESSOR_DEFINITIONS = (
					"DEBUG=1",
					"$(inherited)",
				);
				GCC_WARN_64_TO_32_BIT_CONVERSION = YES;
				GCC_WARN_ABOUT_RETURN_TYPE = YES_ERROR;
				GCC_WARN_UNDECLARED_SELECTOR = YES;
				GCC_WARN_UNINITIALIZED_AUTOS = YES_AGGRESSIVE;
				GCC_WARN_UNUSED_FUNCTION = YES;
				GCC_WARN_UNUSED_VARIABLE = YES;
				MTL_ENABLE_DEBUG_INFO = INCLUDE_SOURCE;
				MTL_FAST_MATH = YES;
				ONLY_ACTIVE_ARCH = YES;
				PRODUCT_NAME = "$(TARGET_NAME)";
				SWIFT_ACTIVE_COMPILATION_CONDITIONS = DEBUG;
				SWIFT_OPTIMIZATION_LEVEL = "-Onone";
				SWIFT_VERSION = 5.0;
			};
			name = Debug;
		};
		F1D1C42D2BD850E26F10A4A7 /* Debug */ = {
			isa = XCBuildConfiguration;
			buildSettings = {
				ASSETCATALOG_COMPILER_APPICON_NAME = AppIcon;
				ASSETCATALOG_COMPILER_GLOBAL_ACCENT_COLOR_NAME = AccentColor;
				CLANG_ENABLE_OBJC_WEAK = NO;
				CURRENT_PROJECT_VERSION = 1;
				DEVELOPMENT_TEAM = "";
				GENERATE_INFOPLIST_FILE = YES;
				INFOPLIST_KEY_CFBundleDisplayName = "Calm-Line";
				INFOPLIST_KEY_UIApplicationSceneManifest_Generation = YES;
				IPHONEOS_DEPLOYMENT_TARGET = 17.0;
				LD_RUNPATH_SEARCH_PATHS = "$(inherited) @executable_path/Frameworks";
				MARKETING_VERSION = 1.0;
				PRODUCT_BUNDLE_IDENTIFIER = com.zsaritek.calmline;
				PRODUCT_MODULE_NAME = CalmLine;
				SDKROOT = iphoneos;
				SWIFT_VERSION = 5.0;
				TARGETED_DEVICE_FAMILY = 1;
			};
			name = Debug;
		};
/* End XCBuildConfiguration section */

/* Begin XCConfigurationList section */
		455ACB6FB48D93C802A6A9CF /* Build configuration list for PBXProject "Calm-Line" */ = {
			isa = XCConfigurationList;
			buildConfigurations = (
				C01D6F299C13E296135DA201 /* Debug */,
				202BBB1D932FAFE20EFEA85A /* Release */,
			);
			defaultConfigurationIsVisible = 0;
			defaultConfigurationName = Release;
		};
		D38ED49AE3333FF7A88ED9CE /* Build configuration list for PBXNativeTarget "Calm-Line" */ = {
			isa = XCConfigurationList;
			buildConfigurations = (
				B50F29B447D0640E3070B1A4 /* Release */,
				F1D1C42D2BD850E26F10A4A7 /* Debug */,
			);
			defaultConfigurationIsVisible = 0;
			defaultConfigurationName = Release;
		};
/* End XCConfigurationList section */
	};
	rootObject = 4129DA3797603201369850DC /* Project object */;
}
